// !$*UTF8*$!
{
	archiveVersion = 1;
	classes = {
	};
	objectVersion = 48;
	objects = {

/* Begin PBXBuildFile section */
		990DC2C01FFC31C800D43945 /* Transforms.swift in Sources */ = {isa = PBXBuildFile; fileRef = 990DC2BF1FFC31C800D43945 /* Transforms.swift */; };
		991F0C3E1FCF4EBB0010ABC5 /* Groupe.swift in Sources */ = {isa = PBXBuildFile; fileRef = 991F0C3D1FCF4EBB0010ABC5 /* Groupe.swift */; };
		991F0C401FCF50210010ABC5 /* Ville.swift in Sources */ = {isa = PBXBuildFile; fileRef = 991F0C3F1FCF50210010ABC5 /* Ville.swift */; };
		9977F5E51FF82B7C0034EB9C /* Utilisateur.swift in Sources */ = {isa = PBXBuildFile; fileRef = 9977F5E41FF82B7C0034EB9C /* Utilisateur.swift */; };
		9977F5E71FF82C1F0034EB9C /* Adresse.swift in Sources */ = {isa = PBXBuildFile; fileRef = 9977F5E61FF82C1F0034EB9C /* Adresse.swift */; };
		9977F5E91FF82C4A0034EB9C /* Avis.swift in Sources */ = {isa = PBXBuildFile; fileRef = 9977F5E81FF82C4A0034EB9C /* Avis.swift */; };
		9977F5EB1FF82C630034EB9C /* Album.swift in Sources */ = {isa = PBXBuildFile; fileRef = 9977F5EA1FF82C630034EB9C /* Album.swift */; };
		9977F5ED1FF82C6D0034EB9C /* Titre.swift in Sources */ = {isa = PBXBuildFile; fileRef = 9977F5EC1FF82C6D0034EB9C /* Titre.swift */; };
		9977F5EF1FF82C890034EB9C /* Evenement.swift in Sources */ = {isa = PBXBuildFile; fileRef = 9977F5EE1FF82C890034EB9C /* Evenement.swift */; };
		9977F5F11FF82C930034EB9C /* Style.swift in Sources */ = {isa = PBXBuildFile; fileRef = 9977F5F01FF82C930034EB9C /* Style.swift */; };
		9977F5F31FF82CA30034EB9C /* Membre.swift in Sources */ = {isa = PBXBuildFile; fileRef = 9977F5F21FF82CA30034EB9C /* Membre.swift */; };
		9977F5F51FF8327F0034EB9C /* DetailEvenement.swift in Sources */ = {isa = PBXBuildFile; fileRef = 9977F5F41FF8327F0034EB9C /* DetailEvenement.swift */; };
		9977F5F71FF8334E0034EB9C /* UtilisateurGroupe.swift in Sources */ = {isa = PBXBuildFile; fileRef = 9977F5F61FF8334E0034EB9C /* UtilisateurGroupe.swift */; };
		99D8CC7F1FBD7C1700ACE437 /* AppDelegate.swift in Sources */ = {isa = PBXBuildFile; fileRef = 99D8CC7E1FBD7C1700ACE437 /* AppDelegate.swift */; };
		99D8CC811FBD7C1700ACE437 /* ViewController.swift in Sources */ = {isa = PBXBuildFile; fileRef = 99D8CC801FBD7C1700ACE437 /* ViewController.swift */; };
		99D8CC841FBD7C1700ACE437 /* Main.storyboard in Resources */ = {isa = PBXBuildFile; fileRef = 99D8CC821FBD7C1700ACE437 /* Main.storyboard */; };
		99D8CC871FBD7C1700ACE437 /* HomeBand.xcdatamodeld in Sources */ = {isa = PBXBuildFile; fileRef = 99D8CC851FBD7C1700ACE437 /* HomeBand.xcdatamodeld */; };
		99D8CC891FBD7C1700ACE437 /* Assets.xcassets in Resources */ = {isa = PBXBuildFile; fileRef = 99D8CC881FBD7C1700ACE437 /* Assets.xcassets */; };
		99D8CC8C1FBD7C1700ACE437 /* LaunchScreen.storyboard in Resources */ = {isa = PBXBuildFile; fileRef = 99D8CC8A1FBD7C1700ACE437 /* LaunchScreen.storyboard */; };
		99D8CC951FBD7C8300ACE437 /* HomeBand_Full.png in Resources */ = {isa = PBXBuildFile; fileRef = 99D8CC941FBD7C8300ACE437 /* HomeBand_Full.png */; };
		D6C7B961F0304056EB19C108 /* Pods_HomeBand.framework in Frameworks */ = {isa = PBXBuildFile; fileRef = 4C839F648693ED31B6ED3B85 /* Pods_HomeBand.framework */; };
/* End PBXBuildFile section */

/* Begin PBXCopyFilesBuildPhase section */
		991F0C3B1FCF474C0010ABC5 /* Embed Frameworks */ = {
			isa = PBXCopyFilesBuildPhase;
			buildActionMask = 2147483647;
			dstPath = "";
			dstSubfolderSpec = 10;
			files = (
			);
			name = "Embed Frameworks";
			runOnlyForDeploymentPostprocessing = 0;
		};
/* End PBXCopyFilesBuildPhase section */

/* Begin PBXFileReference section */
		0FEDCD62124F586F9B599EB8 /* Pods-HomeBand.release.xcconfig */ = {isa = PBXFileReference; includeInIndex = 1; lastKnownFileType = text.xcconfig; name = "Pods-HomeBand.release.xcconfig"; path = "Pods/Target Support Files/Pods-HomeBand/Pods-HomeBand.release.xcconfig"; sourceTree = "<group>"; };
		2DE08CAABDD6E33A60A569BC /* Pods-HomeBand.debug.xcconfig */ = {isa = PBXFileReference; includeInIndex = 1; lastKnownFileType = text.xcconfig; name = "Pods-HomeBand.debug.xcconfig"; path = "Pods/Target Support Files/Pods-HomeBand/Pods-HomeBand.debug.xcconfig"; sourceTree = "<group>"; };
		4C839F648693ED31B6ED3B85 /* Pods_HomeBand.framework */ = {isa = PBXFileReference; explicitFileType = wrapper.framework; includeInIndex = 0; path = Pods_HomeBand.framework; sourceTree = BUILT_PRODUCTS_DIR; };
		990DC2BF1FFC31C800D43945 /* Transforms.swift */ = {isa = PBXFileReference; lastKnownFileType = sourcecode.swift; path = Transforms.swift; sourceTree = "<group>"; };
		991F0C3D1FCF4EBB0010ABC5 /* Groupe.swift */ = {isa = PBXFileReference; lastKnownFileType = sourcecode.swift; path = Groupe.swift; sourceTree = "<group>"; };
		991F0C3F1FCF50210010ABC5 /* Ville.swift */ = {isa = PBXFileReference; lastKnownFileType = sourcecode.swift; path = Ville.swift; sourceTree = "<group>"; };
		9977F5E41FF82B7C0034EB9C /* Utilisateur.swift */ = {isa = PBXFileReference; lastKnownFileType = sourcecode.swift; path = Utilisateur.swift; sourceTree = "<group>"; };
		9977F5E61FF82C1F0034EB9C /* Adresse.swift */ = {isa = PBXFileReference; lastKnownFileType = sourcecode.swift; path = Adresse.swift; sourceTree = "<group>"; };
		9977F5E81FF82C4A0034EB9C /* Avis.swift */ = {isa = PBXFileReference; lastKnownFileType = sourcecode.swift; path = Avis.swift; sourceTree = "<group>"; };
		9977F5EA1FF82C630034EB9C /* Album.swift */ = {isa = PBXFileReference; lastKnownFileType = sourcecode.swift; path = Album.swift; sourceTree = "<group>"; };
		9977F5EC1FF82C6D0034EB9C /* Titre.swift */ = {isa = PBXFileReference; lastKnownFileType = sourcecode.swift; path = Titre.swift; sourceTree = "<group>"; };
		9977F5EE1FF82C890034EB9C /* Evenement.swift */ = {isa = PBXFileReference; lastKnownFileType = sourcecode.swift; path = Evenement.swift; sourceTree = "<group>"; };
		9977F5F01FF82C930034EB9C /* Style.swift */ = {isa = PBXFileReference; lastKnownFileType = sourcecode.swift; path = Style.swift; sourceTree = "<group>"; };
		9977F5F21FF82CA30034EB9C /* Membre.swift */ = {isa = PBXFileReference; lastKnownFileType = sourcecode.swift; path = Membre.swift; sourceTree = "<group>"; };
		9977F5F41FF8327F0034EB9C /* DetailEvenement.swift */ = {isa = PBXFileReference; lastKnownFileType = sourcecode.swift; path = DetailEvenement.swift; sourceTree = "<group>"; };
		9977F5F61FF8334E0034EB9C /* UtilisateurGroupe.swift */ = {isa = PBXFileReference; lastKnownFileType = sourcecode.swift; path = UtilisateurGroupe.swift; sourceTree = "<group>"; };
		99D8CC7B1FBD7C1700ACE437 /* HomeBand.app */ = {isa = PBXFileReference; explicitFileType = wrapper.application; includeInIndex = 0; path = HomeBand.app; sourceTree = BUILT_PRODUCTS_DIR; };
		99D8CC7E1FBD7C1700ACE437 /* AppDelegate.swift */ = {isa = PBXFileReference; lastKnownFileType = sourcecode.swift; path = AppDelegate.swift; sourceTree = "<group>"; };
		99D8CC801FBD7C1700ACE437 /* ViewController.swift */ = {isa = PBXFileReference; lastKnownFileType = sourcecode.swift; path = ViewController.swift; sourceTree = "<group>"; };
		99D8CC831FBD7C1700ACE437 /* Base */ = {isa = PBXFileReference; lastKnownFileType = file.storyboard; name = Base; path = Base.lproj/Main.storyboard; sourceTree = "<group>"; };
		99D8CC861FBD7C1700ACE437 /* HomeBand.xcdatamodel */ = {isa = PBXFileReference; lastKnownFileType = wrapper.xcdatamodel; path = HomeBand.xcdatamodel; sourceTree = "<group>"; };
		99D8CC881FBD7C1700ACE437 /* Assets.xcassets */ = {isa = PBXFileReference; lastKnownFileType = folder.assetcatalog; path = Assets.xcassets; sourceTree = "<group>"; };
		99D8CC8B1FBD7C1700ACE437 /* Base */ = {isa = PBXFileReference; lastKnownFileType = file.storyboard; name = Base; path = Base.lproj/LaunchScreen.storyboard; sourceTree = "<group>"; };
		99D8CC8D1FBD7C1700ACE437 /* Info.plist */ = {isa = PBXFileReference; lastKnownFileType = text.plist.xml; path = Info.plist; sourceTree = "<group>"; };
		99D8CC941FBD7C8300ACE437 /* HomeBand_Full.png */ = {isa = PBXFileReference; lastKnownFileType = image.png; path = HomeBand_Full.png; sourceTree = "<group>"; };
/* End PBXFileReference section */

/* Begin PBXFrameworksBuildPhase section */
		99D8CC781FBD7C1700ACE437 /* Frameworks */ = {
			isa = PBXFrameworksBuildPhase;
			buildActionMask = 2147483647;
			files = (
				D6C7B961F0304056EB19C108 /* Pods_HomeBand.framework in Frameworks */,
			);
			runOnlyForDeploymentPostprocessing = 0;
		};
/* End PBXFrameworksBuildPhase section */

/* Begin PBXGroup section */
		68B4924576A7F0F3ADAAE4BD /* Pods */ = {
			isa = PBXGroup;
			children = (
				2DE08CAABDD6E33A60A569BC /* Pods-HomeBand.debug.xcconfig */,
				0FEDCD62124F586F9B599EB8 /* Pods-HomeBand.release.xcconfig */,
			);
			name = Pods;
			sourceTree = "<group>";
		};
		990DC2BE1FFC31B500D43945 /* Tools */ = {
			isa = PBXGroup;
			children = (
				990DC2BF1FFC31C800D43945 /* Transforms.swift */,
			);
			path = Tools;
			sourceTree = "<group>";
		};
		991F0C3C1FCF4E9D0010ABC5 /* Models */ = {
			isa = PBXGroup;
			children = (
				991F0C3D1FCF4EBB0010ABC5 /* Groupe.swift */,
				991F0C3F1FCF50210010ABC5 /* Ville.swift */,
				9977F5E41FF82B7C0034EB9C /* Utilisateur.swift */,
				9977F5E61FF82C1F0034EB9C /* Adresse.swift */,
				9977F5E81FF82C4A0034EB9C /* Avis.swift */,
				9977F5EA1FF82C630034EB9C /* Album.swift */,
				9977F5EC1FF82C6D0034EB9C /* Titre.swift */,
				9977F5EE1FF82C890034EB9C /* Evenement.swift */,
				9977F5F01FF82C930034EB9C /* Style.swift */,
				9977F5F21FF82CA30034EB9C /* Membre.swift */,
				9977F5F41FF8327F0034EB9C /* DetailEvenement.swift */,
				9977F5F61FF8334E0034EB9C /* UtilisateurGroupe.swift */,
			);
			path = Models;
			sourceTree = "<group>";
		};
		99D8CC721FBD7C1700ACE437 = {
			isa = PBXGroup;
			children = (
				99D8CC7D1FBD7C1700ACE437 /* HomeBand */,
				99D8CC7C1FBD7C1700ACE437 /* Products */,
				68B4924576A7F0F3ADAAE4BD /* Pods */,
				BCE59987882B5C8C00093729 /* Frameworks */,
			);
			sourceTree = "<group>";
		};
		99D8CC7C1FBD7C1700ACE437 /* Products */ = {
			isa = PBXGroup;
			children = (
				99D8CC7B1FBD7C1700ACE437 /* HomeBand.app */,
			);
			name = Products;
			sourceTree = "<group>";
		};
		99D8CC7D1FBD7C1700ACE437 /* HomeBand */ = {
			isa = PBXGroup;
			children = (
				990DC2BE1FFC31B500D43945 /* Tools */,
				991F0C3C1FCF4E9D0010ABC5 /* Models */,
				99D8CC931FBD7C6100ACE437 /* Images */,
				99D8CC7E1FBD7C1700ACE437 /* AppDelegate.swift */,
				99D8CC801FBD7C1700ACE437 /* ViewController.swift */,
				99D8CC821FBD7C1700ACE437 /* Main.storyboard */,
				99D8CC881FBD7C1700ACE437 /* Assets.xcassets */,
				99D8CC8A1FBD7C1700ACE437 /* LaunchScreen.storyboard */,
				99D8CC8D1FBD7C1700ACE437 /* Info.plist */,
				99D8CC851FBD7C1700ACE437 /* HomeBand.xcdatamodeld */,
			);
			path = HomeBand;
			sourceTree = "<group>";
		};
		99D8CC931FBD7C6100ACE437 /* Images */ = {
			isa = PBXGroup;
			children = (
				99D8CC941FBD7C8300ACE437 /* HomeBand_Full.png */,
			);
			path = Images;
			sourceTree = "<group>";
		};
		BCE59987882B5C8C00093729 /* Frameworks */ = {
			isa = PBXGroup;
			children = (
				4C839F648693ED31B6ED3B85 /* Pods_HomeBand.framework */,
			);
			name = Frameworks;
			sourceTree = "<group>";
		};
/* End PBXGroup section */

/* Begin PBXNativeTarget section */
		99D8CC7A1FBD7C1700ACE437 /* HomeBand */ = {
			isa = PBXNativeTarget;
			buildConfigurationList = 99D8CC901FBD7C1700ACE437 /* Build configuration list for PBXNativeTarget "HomeBand" */;
			buildPhases = (
				19CC276C06154C48464C8417 /* [CP] Check Pods Manifest.lock */,
				99D8CC771FBD7C1700ACE437 /* Sources */,
				99D8CC781FBD7C1700ACE437 /* Frameworks */,
				99D8CC791FBD7C1700ACE437 /* Resources */,
				991F0C3B1FCF474C0010ABC5 /* Embed Frameworks */,
				DCCCD5C704A0A9C404ECA991 /* [CP] Embed Pods Frameworks */,
				C1B3EBBB15692037A243E168 /* [CP] Copy Pods Resources */,
			);
			buildRules = (
			);
			dependencies = (
			);
			name = HomeBand;
			productName = HomeBand;
			productReference = 99D8CC7B1FBD7C1700ACE437 /* HomeBand.app */;
			productType = "com.apple.product-type.application";
		};
/* End PBXNativeTarget section */

/* Begin PBXProject section */
		99D8CC731FBD7C1700ACE437 /* Project object */ = {
			isa = PBXProject;
			attributes = {
				LastSwiftUpdateCheck = 0910;
				LastUpgradeCheck = 0910;
				ORGANIZATIONNAME = HEH;
				TargetAttributes = {
					99D8CC7A1FBD7C1700ACE437 = {
						CreatedOnToolsVersion = 9.1;
						ProvisioningStyle = Automatic;
					};
				};
			};
			buildConfigurationList = 99D8CC761FBD7C1700ACE437 /* Build configuration list for PBXProject "HomeBand" */;
			compatibilityVersion = "Xcode 8.0";
			developmentRegion = en;
			hasScannedForEncodings = 0;
			knownRegions = (
				en,
				Base,
			);
			mainGroup = 99D8CC721FBD7C1700ACE437;
			productRefGroup = 99D8CC7C1FBD7C1700ACE437 /* Products */;
			projectDirPath = "";
			projectRoot = "";
			targets = (
				99D8CC7A1FBD7C1700ACE437 /* HomeBand */,
			);
		};
/* End PBXProject section */

/* Begin PBXResourcesBuildPhase section */
		99D8CC791FBD7C1700ACE437 /* Resources */ = {
			isa = PBXResourcesBuildPhase;
			buildActionMask = 2147483647;
			files = (
				99D8CC951FBD7C8300ACE437 /* HomeBand_Full.png in Resources */,
				99D8CC8C1FBD7C1700ACE437 /* LaunchScreen.storyboard in Resources */,
				99D8CC891FBD7C1700ACE437 /* Assets.xcassets in Resources */,
				99D8CC841FBD7C1700ACE437 /* Main.storyboard in Resources */,
			);
			runOnlyForDeploymentPostprocessing = 0;
		};
/* End PBXResourcesBuildPhase section */

/* Begin PBXShellScriptBuildPhase section */
		19CC276C06154C48464C8417 /* [CP] Check Pods Manifest.lock */ = {
			isa = PBXShellScriptBuildPhase;
			buildActionMask = 2147483647;
			files = (
			);
			inputPaths = (
				"${PODS_PODFILE_DIR_PATH}/Podfile.lock",
				"${PODS_ROOT}/Manifest.lock",
			);
			name = "[CP] Check Pods Manifest.lock";
			outputPaths = (
				"$(DERIVED_FILE_DIR)/Pods-HomeBand-checkManifestLockResult.txt",
			);
			runOnlyForDeploymentPostprocessing = 0;
			shellPath = /bin/sh;
			shellScript = "diff \"${PODS_PODFILE_DIR_PATH}/Podfile.lock\" \"${PODS_ROOT}/Manifest.lock\" > /dev/null\nif [ $? != 0 ] ; then\n    # print error to STDERR\n    echo \"error: The sandbox is not in sync with the Podfile.lock. Run 'pod install' or update your CocoaPods installation.\" >&2\n    exit 1\nfi\n# This output is used by Xcode 'outputs' to avoid re-running this script phase.\necho \"SUCCESS\" > \"${SCRIPT_OUTPUT_FILE_0}\"\n";
			showEnvVarsInLog = 0;
		};
		C1B3EBBB15692037A243E168 /* [CP] Copy Pods Resources */ = {
			isa = PBXShellScriptBuildPhase;
			buildActionMask = 2147483647;
			files = (
			);
			inputPaths = (
			);
			name = "[CP] Copy Pods Resources";
			outputPaths = (
			);
			runOnlyForDeploymentPostprocessing = 0;
			shellPath = /bin/sh;
			shellScript = "\"${SRCROOT}/Pods/Target Support Files/Pods-HomeBand/Pods-HomeBand-resources.sh\"\n";
			showEnvVarsInLog = 0;
		};
		DCCCD5C704A0A9C404ECA991 /* [CP] Embed Pods Frameworks */ = {
			isa = PBXShellScriptBuildPhase;
			buildActionMask = 2147483647;
			files = (
			);
			inputPaths = (
				"${SRCROOT}/Pods/Target Support Files/Pods-HomeBand/Pods-HomeBand-frameworks.sh",
				"${BUILT_PRODUCTS_DIR}/Alamofire/Alamofire.framework",
				"${BUILT_PRODUCTS_DIR}/AlamofireObjectMapper/AlamofireObjectMapper.framework",
				"${BUILT_PRODUCTS_DIR}/ObjectMapper/ObjectMapper.framework",
				"${BUILT_PRODUCTS_DIR}/Realm/Realm.framework",
				"${BUILT_PRODUCTS_DIR}/RealmSwift/RealmSwift.framework",
			);
			name = "[CP] Embed Pods Frameworks";
			outputPaths = (
				"${TARGET_BUILD_DIR}/${FRAMEWORKS_FOLDER_PATH}/Alamofire.framework",
				"${TARGET_BUILD_DIR}/${FRAMEWORKS_FOLDER_PATH}/AlamofireObjectMapper.framework",
				"${TARGET_BUILD_DIR}/${FRAMEWORKS_FOLDER_PATH}/ObjectMapper.framework",
				"${TARGET_BUILD_DIR}/${FRAMEWORKS_FOLDER_PATH}/Realm.framework",
				"${TARGET_BUILD_DIR}/${FRAMEWORKS_FOLDER_PATH}/RealmSwift.framework",
			);
			runOnlyForDeploymentPostprocessing = 0;
			shellPath = /bin/sh;
			shellScript = "\"${SRCROOT}/Pods/Target Support Files/Pods-HomeBand/Pods-HomeBand-frameworks.sh\"\n";
			showEnvVarsInLog = 0;
		};
/* End PBXShellScriptBuildPhase section */

/* Begin PBXSourcesBuildPhase section */
		99D8CC771FBD7C1700ACE437 /* Sources */ = {
			isa = PBXSourcesBuildPhase;
			buildActionMask = 2147483647;
			files = (
				9977F5F31FF82CA30034EB9C /* Membre.swift in Sources */,
				9977F5F71FF8334E0034EB9C /* UtilisateurGroupe.swift in Sources */,
				9977F5ED1FF82C6D0034EB9C /* Titre.swift in Sources */,
				9977F5E91FF82C4A0034EB9C /* Avis.swift in Sources */,
				99D8CC811FBD7C1700ACE437 /* ViewController.swift in Sources */,
				9977F5EF1FF82C890034EB9C /* Evenement.swift in Sources */,
				9977F5E51FF82B7C0034EB9C /* Utilisateur.swift in Sources */,
				991F0C3E1FCF4EBB0010ABC5 /* Groupe.swift in Sources */,
				991F0C401FCF50210010ABC5 /* Ville.swift in Sources */,
				9977F5F11FF82C930034EB9C /* Style.swift in Sources */,
				990DC2C01FFC31C800D43945 /* Transforms.swift in Sources */,
				9977F5EB1FF82C630034EB9C /* Album.swift in Sources */,
				9977F5F51FF8327F0034EB9C /* DetailEvenement.swift in Sources */,
				9977F5E71FF82C1F0034EB9C /* Adresse.swift in Sources */,
				99D8CC7F1FBD7C1700ACE437 /* AppDelegate.swift in Sources */,
				99D8CC871FBD7C1700ACE437 /* HomeBand.xcdatamodeld in Sources */,
			);
			runOnlyForDeploymentPostprocessing = 0;
		};
/* End PBXSourcesBuildPhase section */

/* Begin PBXVariantGroup section */
		99D8CC821FBD7C1700ACE437 /* Main.storyboard */ = {
			isa = PBXVariantGroup;
			children = (
				99D8CC831FBD7C1700ACE437 /* Base */,
			);
			name = Main.storyboard;
			sourceTree = "<group>";
		};
		99D8CC8A1FBD7C1700ACE437 /* LaunchScreen.storyboard */ = {
			isa = PBXVariantGroup;
			children = (
				99D8CC8B1FBD7C1700ACE437 /* Base */,
			);
			name = LaunchScreen.storyboard;
			sourceTree = "<group>";
		};
/* End PBXVariantGroup section */

/* Begin XCBuildConfiguration section */
		99D8CC8E1FBD7C1700ACE437 /* Debug */ = {
			isa = XCBuildConfiguration;
			buildSettings = {
				ALWAYS_SEARCH_USER_PATHS = NO;
				CLANG_ANALYZER_NONNULL = YES;
				CLANG_ANALYZER_NUMBER_OBJECT_CONVERSION = YES_AGGRESSIVE;
				CLANG_CXX_LANGUAGE_STANDARD = "gnu++14";
				CLANG_CXX_LIBRARY = "libc++";
				CLANG_ENABLE_MODULES = YES;
				CLANG_ENABLE_OBJC_ARC = YES;
				CLANG_WARN_BLOCK_CAPTURE_AUTORELEASING = YES;
				CLANG_WARN_BOOL_CONVERSION = YES;
				CLANG_WARN_COMMA = YES;
				CLANG_WARN_CONSTANT_CONVERSION = YES;
				CLANG_WARN_DIRECT_OBJC_ISA_USAGE = YES_ERROR;
				CLANG_WARN_DOCUMENTATION_COMMENTS = YES;
				CLANG_WARN_EMPTY_BODY = YES;
				CLANG_WARN_ENUM_CONVERSION = YES;
				CLANG_WARN_INFINITE_RECURSION = YES;
				CLANG_WARN_INT_CONVERSION = YES;
				CLANG_WARN_NON_LITERAL_NULL_CONVERSION = YES;
				CLANG_WARN_OBJC_LITERAL_CONVERSION = YES;
				CLANG_WARN_OBJC_ROOT_CLASS = YES_ERROR;
				CLANG_WARN_RANGE_LOOP_ANALYSIS = YES;
				CLANG_WARN_STRICT_PROTOTYPES = YES;
				CLANG_WARN_SUSPICIOUS_MOVE = YES;
				CLANG_WARN_UNGUARDED_AVAILABILITY = YES_AGGRESSIVE;
				CLANG_WARN_UNREACHABLE_CODE = YES;
				CLANG_WARN__DUPLICATE_METHOD_MATCH = YES;
				CODE_SIGN_IDENTITY = "iPhone Developer";
				COPY_PHASE_STRIP = NO;
				DEBUG_INFORMATION_FORMAT = dwarf;
				ENABLE_STRICT_OBJC_MSGSEND = YES;
				ENABLE_TESTABILITY = YES;
				GCC_C_LANGUAGE_STANDARD = gnu11;
				GCC_DYNAMIC_NO_PIC = NO;
				GCC_NO_COMMON_BLOCKS = YES;
				GCC_OPTIMIZATION_LEVEL = 0;
				GCC_PREPROCESSOR_DEFINITIONS = (
					"DEBUG=1",
					"$(inherited)",
				);
				GCC_WARN_64_TO_32_BIT_CONVERSION = YES;
				GCC_WARN_ABOUT_RETURN_TYPE = YES_ERROR;
				GCC_WARN_UNDECLARED_SELECTOR = YES;
				GCC_WARN_UNINITIALIZED_AUTOS = YES_AGGRESSIVE;
				GCC_WARN_UNUSED_FUNCTION = YES;
				GCC_WARN_UNUSED_VARIABLE = YES;
				IPHONEOS_DEPLOYMENT_TARGET = 11.1;
				MTL_ENABLE_DEBUG_INFO = YES;
				ONLY_ACTIVE_ARCH = YES;
				SDKROOT = iphoneos;
				SWIFT_ACTIVE_COMPILATION_CONDITIONS = DEBUG;
				SWIFT_OPTIMIZATION_LEVEL = "-Onone";
			};
			name = Debug;
		};
		99D8CC8F1FBD7C1700ACE437 /* Release */ = {
			isa = XCBuildConfiguration;
			buildSettings = {
				ALWAYS_SEARCH_USER_PATHS = NO;
				CLANG_ANALYZER_NONNULL = YES;
				CLANG_ANALYZER_NUMBER_OBJECT_CONVERSION = YES_AGGRESSIVE;
				CLANG_CXX_LANGUAGE_STANDARD = "gnu++14";
				CLANG_CXX_LIBRARY = "libc++";
				CLANG_ENABLE_MODULES = YES;
				CLANG_ENABLE_OBJC_ARC = YES;
				CLANG_WARN_BLOCK_CAPTURE_AUTORELEASING = YES;
				CLANG_WARN_BOOL_CONVERSION = YES;
				CLANG_WARN_COMMA = YES;
				CLANG_WARN_CONSTANT_CONVERSION = YES;
				CLANG_WARN_DIRECT_OBJC_ISA_USAGE = YES_ERROR;
				CLANG_WARN_DOCUMENTATION_COMMENTS = YES;
				CLANG_WARN_EMPTY_BODY = YES;
				CLANG_WARN_ENUM_CONVERSION = YES;
				CLANG_WARN_INFINITE_RECURSION = YES;
				CLANG_WARN_INT_CONVERSION = YES;
				CLANG_WARN_NON_LITERAL_NULL_CONVERSION = YES;
				CLANG_WARN_OBJC_LITERAL_CONVERSION = YES;
				CLANG_WARN_OBJC_ROOT_CLASS = YES_ERROR;
				CLANG_WARN_RANGE_LOOP_ANALYSIS = YES;
				CLANG_WARN_STRICT_PROTOTYPES = YES;
				CLANG_WARN_SUSPICIOUS_MOVE = YES;
				CLANG_WARN_UNGUARDED_AVAILABILITY = YES_AGGRESSIVE;
				CLANG_WARN_UNREACHABLE_CODE = YES;
				CLANG_WARN__DUPLICATE_METHOD_MATCH = YES;
				CODE_SIGN_IDENTITY = "iPhone Developer";
				COPY_PHASE_STRIP = NO;
				DEBUG_INFORMATION_FORMAT = "dwarf-with-dsym";
				ENABLE_NS_ASSERTIONS = NO;
				ENABLE_STRICT_OBJC_MSGSEND = YES;
				GCC_C_LANGUAGE_STANDARD = gnu11;
				GCC_NO_COMMON_BLOCKS = YES;
				GCC_WARN_64_TO_32_BIT_CONVERSION = YES;
				GCC_WARN_ABOUT_RETURN_TYPE = YES_ERROR;
				GCC_WARN_UNDECLARED_SELECTOR = YES;
				GCC_WARN_UNINITIALIZED_AUTOS = YES_AGGRESSIVE;
				GCC_WARN_UNUSED_FUNCTION = YES;
				GCC_WARN_UNUSED_VARIABLE = YES;
				IPHONEOS_DEPLOYMENT_TARGET = 11.1;
				MTL_ENABLE_DEBUG_INFO = NO;
				SDKROOT = iphoneos;
				SWIFT_OPTIMIZATION_LEVEL = "-Owholemodule";
				VALIDATE_PRODUCT = YES;
			};
			name = Release;
		};
		99D8CC911FBD7C1700ACE437 /* Debug */ = {
			isa = XCBuildConfiguration;
			baseConfigurationReference = 2DE08CAABDD6E33A60A569BC /* Pods-HomeBand.debug.xcconfig */;
			buildSettings = {
				ALWAYS_EMBED_SWIFT_STANDARD_LIBRARIES = YES;
				ASSETCATALOG_COMPILER_APPICON_NAME = AppIcon;
				CODE_SIGN_STYLE = Automatic;
				DEVELOPMENT_TEAM = MNU797DKUS;
				INFOPLIST_FILE = HomeBand/Info.plist;
				LD_RUNPATH_SEARCH_PATHS = "$(inherited) @executable_path/Frameworks";
				PRODUCT_BUNDLE_IDENTIFIER = be.heh.homeband.ios;
				PRODUCT_NAME = "$(TARGET_NAME)";
				SWIFT_VERSION = 4.0;
				TARGETED_DEVICE_FAMILY = "1,2";
			};
			name = Debug;
		};
		99D8CC921FBD7C1700ACE437 /* Release */ = {
			isa = XCBuildConfiguration;
			baseConfigurationReference = 0FEDCD62124F586F9B599EB8 /* Pods-HomeBand.release.xcconfig */;
			buildSettings = {
				ALWAYS_EMBED_SWIFT_STANDARD_LIBRARIES = YES;
				ASSETCATALOG_COMPILER_APPICON_NAME = AppIcon;
				CODE_SIGN_STYLE = Automatic;
				DEVELOPMENT_TEAM = MNU797DKUS;
				INFOPLIST_FILE = HomeBand/Info.plist;
				LD_RUNPATH_SEARCH_PATHS = "$(inherited) @executable_path/Frameworks";
				PRODUCT_BUNDLE_IDENTIFIER = be.heh.homeband.ios;
				PRODUCT_NAME = "$(TARGET_NAME)";
				SWIFT_VERSION = 4.0;
				TARGETED_DEVICE_FAMILY = "1,2";
			};
			name = Release;
		};
/* End XCBuildConfiguration section */

/* Begin XCConfigurationList section */
		99D8CC761FBD7C1700ACE437 /* Build configuration list for PBXProject "HomeBand" */ = {
			isa = XCConfigurationList;
			buildConfigurations = (
				99D8CC8E1FBD7C1700ACE437 /* Debug */,
				99D8CC8F1FBD7C1700ACE437 /* Release */,
			);
			defaultConfigurationIsVisible = 0;
			defaultConfigurationName = Release;
		};
		99D8CC901FBD7C1700ACE437 /* Build configuration list for PBXNativeTarget "HomeBand" */ = {
			isa = XCConfigurationList;
			buildConfigurations = (
				99D8CC911FBD7C1700ACE437 /* Debug */,
				99D8CC921FBD7C1700ACE437 /* Release */,
			);
			defaultConfigurationIsVisible = 0;
			defaultConfigurationName = Release;
		};
/* End XCConfigurationList section */

/* Begin XCVersionGroup section */
		99D8CC851FBD7C1700ACE437 /* HomeBand.xcdatamodeld */ = {
			isa = XCVersionGroup;
			children = (
				99D8CC861FBD7C1700ACE437 /* HomeBand.xcdatamodel */,
			);
			currentVersion = 99D8CC861FBD7C1700ACE437 /* HomeBand.xcdatamodel */;
			path = HomeBand.xcdatamodeld;
			sourceTree = "<group>";
			versionGroupType = wrapper.xcdatamodel;
		};
/* End XCVersionGroup section */
	};
	rootObject = 99D8CC731FBD7C1700ACE437 /* Project object */;
}
